
Microsoft Visual Studio Solution File, Format Version 12.00
# Visual Studio Version 16
VisualStudioVersion = 16.0.28803.352
MinimumVisualStudioVersion = 10.0.40219.1
Project("{888888A0-9F3D-457C-B088-3A5042F75D52}") = "FlaskWebProject1", "FlaskWebProject1.pyproj", "{8B592C55-E155-4AFB-8BC9-E2E2BAC5ED97}"
EndProject
Global
	GlobalSection(SolutionConfigurationPlatforms) = preSolution
		Debug|Any CPU = Debug|Any CPU
		Release|Any CPU = Release|Any CPU
	EndGlobalSection
	GlobalSection(ProjectConfigurationPlatforms) = postSolution
		{8B592C55-E155-4AFB-8BC9-E2E2BAC5ED97}.Debug|Any CPU.ActiveCfg = Debug|Any CPU
		{8B592C55-E155-4AFB-8BC9-E2E2BAC5ED97}.Debug|Any CPU.Build.0 = Debug|Any CPU
		{8B592C55-E155-4AFB-8BC9-E2E2BAC5ED97}.Release|Any CPU.ActiveCfg = Release|Any CPU
		{8B592C55-E155-4AFB-8BC9-E2E2BAC5ED97}.Release|Any CPU.Build.0 = Release|Any CPU
	EndGlobalSection
	GlobalSection(SolutionProperties) = preSolution
		HideSolutionNode = FALSE
	EndGlobalSection
	GlobalSection(ExtensibilityGlobals) = postSolution
		SolutionGuid = {75CA7A9C-C3E3-4140-A5F8-FBE6374B4A9A}
	EndGlobalSection
EndGlobal
